
Microsoft Visual Studio Solution File, Format Version 12.00
# Visual Studio 15
VisualStudioVersion = 15.0.27004.2009
MinimumVisualStudioVersion = 10.0.40219.1
Project("{2150E333-8FDC-42A3-9474-1A3956D46DE8}") = "Engine", "Engine", "{925867D7-C6EF-4D17-A988-74D4D7C5C14D}"
EndProject
Project("{2150E333-8FDC-42A3-9474-1A3956D46DE8}") = "Games", "Games", "{11A9EE64-AD29-46CD-8D90-752B75E72676}"
EndProject
Project("{8BC9CEB8-8B4A-11D0-8D11-00A0C91BC942}") = "UE4", "Intermediate\ProjectFiles\UE4.vcxproj", "{BD729B38-9A08-4002-8813-B66CDCC91E9B}"
EndProject
Project("{8BC9CEB8-8B4A-11D0-8D11-00A0C91BC942}") = "CTFProject", "Intermediate\ProjectFiles\CTFProject.vcxproj", "{85BDDD36-2D0E-4F6B-A5C2-0822D7C6AF14}"
EndProject
Global
	GlobalSection(SolutionConfigurationPlatforms) = preSolution
		DebugGame Editor|HTML5 = DebugGame Editor|HTML5
		DebugGame Editor|IOS = DebugGame Editor|IOS
		DebugGame Editor|Win32 = DebugGame Editor|Win32
		DebugGame Editor|Win64 = DebugGame Editor|Win64
		DebugGame|HTML5 = DebugGame|HTML5
		DebugGame|IOS = DebugGame|IOS
		DebugGame|Win32 = DebugGame|Win32
		DebugGame|Win64 = DebugGame|Win64
		Development Editor|HTML5 = Development Editor|HTML5
		Development Editor|IOS = Development Editor|IOS
		Development Editor|Win32 = Development Editor|Win32
		Development Editor|Win64 = Development Editor|Win64
		Development|HTML5 = Development|HTML5
		Development|IOS = Development|IOS
		Development|Win32 = Development|Win32
		Development|Win64 = Development|Win64
		Shipping|HTML5 = Shipping|HTML5
		Shipping|IOS = Shipping|IOS
		Shipping|Win32 = Shipping|Win32
		Shipping|Win64 = Shipping|Win64
	EndGlobalSection
	GlobalSection(ProjectConfigurationPlatforms) = postSolution
		{BD729B38-9A08-4002-8813-B66CDCC91E9B}.DebugGame Editor|HTML5.ActiveCfg = BuiltWithUnrealBuildTool|Win32
		{BD729B38-9A08-4002-8813-B66CDCC91E9B}.DebugGame Editor|HTML5.Build.0 = BuiltWithUnrealBuildTool|Win32
		{BD729B38-9A08-4002-8813-B66CDCC91E9B}.DebugGame Editor|IOS.ActiveCfg = BuiltWithUnrealBuildTool|Win32
		{BD729B38-9A08-4002-8813-B66CDCC91E9B}.DebugGame Editor|IOS.Build.0 = BuiltWithUnrealBuildTool|Win32
		{BD729B38-9A08-4002-8813-B66CDCC91E9B}.DebugGame Editor|Win32.ActiveCfg = BuiltWithUnrealBuildTool|Win32
		{BD729B38-9A08-4002-8813-B66CDCC91E9B}.DebugGame Editor|Win32.Build.0 = BuiltWithUnrealBuildTool|Win32
		{BD729B38-9A08-4002-8813-B66CDCC91E9B}.DebugGame Editor|Win64.ActiveCfg = BuiltWithUnrealBuildTool|Win32
		{BD729B38-9A08-4002-8813-B66CDCC91E9B}.DebugGame Editor|Win64.Build.0 = BuiltWithUnrealBuildTool|Win32
		{BD729B38-9A08-4002-8813-B66CDCC91E9B}.DebugGame|HTML5.ActiveCfg = BuiltWithUnrealBuildTool|Win32
		{BD729B38-9A08-4002-8813-B66CDCC91E9B}.DebugGame|HTML5.Build.0 = BuiltWithUnrealBuildTool|Win32
		{BD729B38-9A08-4002-8813-B66CDCC91E9B}.DebugGame|IOS.ActiveCfg = BuiltWithUnrealBuildTool|Win32
		{BD729B38-9A08-4002-8813-B66CDCC91E9B}.DebugGame|IOS.Build.0 = BuiltWithUnrealBuildTool|Win32
		{BD729B38-9A08-4002-8813-B66CDCC91E9B}.DebugGame|Win32.ActiveCfg = BuiltWithUnrealBuildTool|Win32
		{BD729B38-9A08-4002-8813-B66CDCC91E9B}.DebugGame|Win32.Build.0 = BuiltWithUnrealBuildTool|Win32
		{BD729B38-9A08-4002-8813-B66CDCC91E9B}.DebugGame|Win64.ActiveCfg = BuiltWithUnrealBuildTool|Win32
		{BD729B38-9A08-4002-8813-B66CDCC91E9B}.DebugGame|Win64.Build.0 = BuiltWithUnrealBuildTool|Win32
		{BD729B38-9A08-4002-8813-B66CDCC91E9B}.Development Editor|HTML5.ActiveCfg = BuiltWithUnrealBuildTool|Win32
		{BD729B38-9A08-4002-8813-B66CDCC91E9B}.Development Editor|HTML5.Build.0 = BuiltWithUnrealBuildTool|Win32
		{BD729B38-9A08-4002-8813-B66CDCC91E9B}.Development Editor|IOS.ActiveCfg = BuiltWithUnrealBuildTool|Win32
		{BD729B38-9A08-4002-8813-B66CDCC91E9B}.Development Editor|IOS.Build.0 = BuiltWithUnrealBuildTool|Win32
		{BD729B38-9A08-4002-8813-B66CDCC91E9B}.Development Editor|Win32.ActiveCfg = BuiltWithUnrealBuildTool|Win32
		{BD729B38-9A08-4002-8813-B66CDCC91E9B}.Development Editor|Win32.Build.0 = BuiltWithUnrealBuildTool|Win32
		{BD729B38-9A08-4002-8813-B66CDCC91E9B}.Development Editor|Win64.ActiveCfg = BuiltWithUnrealBuildTool|Win32
		{BD729B38-9A08-4002-8813-B66CDCC91E9B}.Development Editor|Win64.Build.0 = BuiltWithUnrealBuildTool|Win32
		{BD729B38-9A08-4002-8813-B66CDCC91E9B}.Development|HTML5.ActiveCfg = BuiltWithUnrealBuildTool|Win32
		{BD729B38-9A08-4002-8813-B66CDCC91E9B}.Development|HTML5.Build.0 = BuiltWithUnrealBuildTool|Win32
		{BD729B38-9A08-4002-8813-B66CDCC91E9B}.Development|IOS.ActiveCfg = BuiltWithUnrealBuildTool|Win32
		{BD729B38-9A08-4002-8813-B66CDCC91E9B}.Development|IOS.Build.0 = BuiltWithUnrealBuildTool|Win32
		{BD729B38-9A08-4002-8813-B66CDCC91E9B}.Development|Win32.ActiveCfg = BuiltWithUnrealBuildTool|Win32
		{BD729B38-9A08-4002-8813-B66CDCC91E9B}.Development|Win32.Build.0 = BuiltWithUnrealBuildTool|Win32
		{BD729B38-9A08-4002-8813-B66CDCC91E9B}.Development|Win64.ActiveCfg = BuiltWithUnrealBuildTool|Win32
		{BD729B38-9A08-4002-8813-B66CDCC91E9B}.Development|Win64.Build.0 = BuiltWithUnrealBuildTool|Win32
		{BD729B38-9A08-4002-8813-B66CDCC91E9B}.Shipping|HTML5.ActiveCfg = BuiltWithUnrealBuildTool|Win32
		{BD729B38-9A08-4002-8813-B66CDCC91E9B}.Shipping|HTML5.Build.0 = BuiltWithUnrealBuildTool|Win32
		{BD729B38-9A08-4002-8813-B66CDCC91E9B}.Shipping|IOS.ActiveCfg = BuiltWithUnrealBuildTool|Win32
		{BD729B38-9A08-4002-8813-B66CDCC91E9B}.Shipping|IOS.Build.0 = BuiltWithUnrealBuildTool|Win32
		{BD729B38-9A08-4002-8813-B66CDCC91E9B}.Shipping|Win32.ActiveCfg = BuiltWithUnrealBuildTool|Win32
		{BD729B38-9A08-4002-8813-B66CDCC91E9B}.Shipping|Win32.Build.0 = BuiltWithUnrealBuildTool|Win32
		{BD729B38-9A08-4002-8813-B66CDCC91E9B}.Shipping|Win64.ActiveCfg = BuiltWithUnrealBuildTool|Win32
		{BD729B38-9A08-4002-8813-B66CDCC91E9B}.Shipping|Win64.Build.0 = BuiltWithUnrealBuildTool|Win32
		{85BDDD36-2D0E-4F6B-A5C2-0822D7C6AF14}.DebugGame Editor|HTML5.ActiveCfg = HTML5_DebugGame_Editor|Win32
		{85BDDD36-2D0E-4F6B-A5C2-0822D7C6AF14}.DebugGame Editor|IOS.ActiveCfg = IOS_DebugGame_Editor|Win32
		{85BDDD36-2D0E-4F6B-A5C2-0822D7C6AF14}.DebugGame Editor|Win32.ActiveCfg = DebugGame_Editor|Win32
		{85BDDD36-2D0E-4F6B-A5C2-0822D7C6AF14}.DebugGame Editor|Win64.ActiveCfg = DebugGame_Editor|x64
		{85BDDD36-2D0E-4F6B-A5C2-0822D7C6AF14}.DebugGame Editor|Win64.Build.0 = DebugGame_Editor|x64
		{85BDDD36-2D0E-4F6B-A5C2-0822D7C6AF14}.DebugGame|HTML5.ActiveCfg = HTML5_DebugGame_Game|Win32
		{85BDDD36-2D0E-4F6B-A5C2-0822D7C6AF14}.DebugGame|HTML5.Build.0 = HTML5_DebugGame_Game|Win32
		{85BDDD36-2D0E-4F6B-A5C2-0822D7C6AF14}.DebugGame|IOS.ActiveCfg = IOS_DebugGame_Game|Win32
		{85BDDD36-2D0E-4F6B-A5C2-0822D7C6AF14}.DebugGame|IOS.Build.0 = IOS_DebugGame_Game|Win32
		{85BDDD36-2D0E-4F6B-A5C2-0822D7C6AF14}.DebugGame|Win32.ActiveCfg = DebugGame_Game|Win32
		{85BDDD36-2D0E-4F6B-A5C2-0822D7C6AF14}.DebugGame|Win32.Build.0 = DebugGame_Game|Win32
		{85BDDD36-2D0E-4F6B-A5C2-0822D7C6AF14}.DebugGame|Win64.ActiveCfg = DebugGame_Game|x64
		{85BDDD36-2D0E-4F6B-A5C2-0822D7C6AF14}.DebugGame|Win64.Build.0 = DebugGame_Game|x64
		{85BDDD36-2D0E-4F6B-A5C2-0822D7C6AF14}.Development Editor|HTML5.ActiveCfg = HTML5_Development_Editor|Win32
		{85BDDD36-2D0E-4F6B-A5C2-0822D7C6AF14}.Development Editor|IOS.ActiveCfg = IOS_Development_Editor|Win32
		{85BDDD36-2D0E-4F6B-A5C2-0822D7C6AF14}.Development Editor|Win32.ActiveCfg = Development_Editor|Win32
		{85BDDD36-2D0E-4F6B-A5C2-0822D7C6AF14}.Development Editor|Win64.ActiveCfg = Development_Editor|x64
		{85BDDD36-2D0E-4F6B-A5C2-0822D7C6AF14}.Development Editor|Win64.Build.0 = Development_Editor|x64
		{85BDDD36-2D0E-4F6B-A5C2-0822D7C6AF14}.Development|HTML5.ActiveCfg = HTML5_Development_Game|Win32
		{85BDDD36-2D0E-4F6B-A5C2-0822D7C6AF14}.Development|HTML5.Build.0 = HTML5_Development_Game|Win32
		{85BDDD36-2D0E-4F6B-A5C2-0822D7C6AF14}.Development|IOS.ActiveCfg = IOS_Development_Game|Win32
		{85BDDD36-2D0E-4F6B-A5C2-0822D7C6AF14}.Development|IOS.Build.0 = IOS_Development_Game|Win32
		{85BDDD36-2D0E-4F6B-A5C2-0822D7C6AF14}.Development|Win32.ActiveCfg = Development_Game|Win32
		{85BDDD36-2D0E-4F6B-A5C2-0822D7C6AF14}.Development|Win32.Build.0 = Development_Game|Win32
		{85BDDD36-2D0E-4F6B-A5C2-0822D7C6AF14}.Development|Win64.ActiveCfg = Development_Game|x64
		{85BDDD36-2D0E-4F6B-A5C2-0822D7C6AF14}.Development|Win64.Build.0 = Development_Game|x64
		{85BDDD36-2D0E-4F6B-A5C2-0822D7C6AF14}.Shipping|HTML5.ActiveCfg = HTML5_Shipping_Game|Win32
		{85BDDD36-2D0E-4F6B-A5C2-0822D7C6AF14}.Shipping|HTML5.Build.0 = HTML5_Shipping_Game|Win32
		{85BDDD36-2D0E-4F6B-A5C2-0822D7C6AF14}.Shipping|IOS.ActiveCfg = IOS_Shipping_Game|Win32
		{85BDDD36-2D0E-4F6B-A5C2-0822D7C6AF14}.Shipping|IOS.Build.0 = IOS_Shipping_Game|Win32
		{85BDDD36-2D0E-4F6B-A5C2-0822D7C6AF14}.Shipping|Win32.ActiveCfg = Shipping_Game|Win32
		{85BDDD36-2D0E-4F6B-A5C2-0822D7C6AF14}.Shipping|Win32.Build.0 = Shipping_Game|Win32
		{85BDDD36-2D0E-4F6B-A5C2-0822D7C6AF14}.Shipping|Win64.ActiveCfg = Shipping_Game|x64
		{85BDDD36-2D0E-4F6B-A5C2-0822D7C6AF14}.Shipping|Win64.Build.0 = Shipping_Game|x64
	EndGlobalSection
	GlobalSection(SolutionProperties) = preSolution
		HideSolutionNode = FALSE
	EndGlobalSection
	GlobalSection(NestedProjects) = preSolution
		{BD729B38-9A08-4002-8813-B66CDCC91E9B} = {925867D7-C6EF-4D17-A988-74D4D7C5C14D}
		{85BDDD36-2D0E-4F6B-A5C2-0822D7C6AF14} = {11A9EE64-AD29-46CD-8D90-752B75E72676}
	EndGlobalSection
	GlobalSection(ExtensibilityGlobals) = postSolution
		SolutionGuid = {482C15B3-79A7-43EC-A441-CF652288E535}
	EndGlobalSection
EndGlobal
